
Microsoft Visual Studio Solution File, Format Version 12.00
# Visual Studio Version 17
VisualStudioVersion = 17.7.34031.279
MinimumVisualStudioVersion = 10.0.40219.1
Project("{FAE04EC0-301F-11D3-BF4B-00C04F79EFBC}") = "Course", "Course\Course.csproj", "{574F3323-45BE-4245-92AF-9339FC5B3136}"
EndProject
Global
	GlobalSection(SolutionConfigurationPlatforms) = preSolution
		Debug|Any CPU = Debug|Any CPU
		Release|Any CPU = Release|Any CPU
	EndGlobalSection
	GlobalSection(ProjectConfigurationPlatforms) = postSolution
		{574F3323-45BE-4245-92AF-9339FC5B3136}.Debug|Any CPU.ActiveCfg = Debug|Any CPU
		{574F3323-45BE-4245-92AF-9339FC5B3136}.Debug|Any CPU.Build.0 = Debug|Any CPU
		{574F3323-45BE-4245-92AF-9339FC5B3136}.Release|Any CPU.ActiveCfg = Release|Any CPU
		{574F3323-45BE-4245-92AF-9339FC5B3136}.Release|Any CPU.Build.0 = Release|Any CPU
	EndGlobalSection
	GlobalSection(SolutionProperties) = preSolution
		HideSolutionNode = FALSE
	EndGlobalSection
	GlobalSection(ExtensibilityGlobals) = postSolution
		SolutionGuid = {877F6C13-041A-4403-8DAF-0804F2040B26}
	EndGlobalSection
EndGlobal
